<?xml version="1.0" encoding="utf-8"?>
<Project ToolsVersion="4.0" xmlns="http://schemas.microsoft.com/developer/msbuild/2003">
  <ItemGroup>
    <ClCompile Include="CCEngine.cpp" />
    <ClCompile Include="ccTitleScene.cpp">
      <Filter>Content\Old\Scene\TitleScene</Filter>
    </ClCompile>
    <ClCompile Include="ccTutorialScene.cpp">
      <Filter>Content\Old\Scene\TutorialScene</Filter>
    </ClCompile>
    <ClCompile Include="ccMouseScript.cpp">
      <Filter>Content\Old\Script\MouseScript</Filter>
    </ClCompile>
    <ClCompile Include="ccPlayerMoveScript.cpp">
      <Filter>Content\Old\Script\PlayerMoveScript</Filter>
    </ClCompile>
    <ClCompile Include="ccGunPositionScript.cpp">
      <Filter>Content\Old\Script\GunPositionScript</Filter>
    </ClCompile>
    <ClCompile Include="Marine.cpp">
      <Filter>Content\Old\GameObject\Marine</Filter>
    </ClCompile>
    <ClCompile Include="ccGridScript.cpp">
      <Filter>Content\Script\GridScript</Filter>
    </ClCompile>
    <ClCompile Include="AimCursor.cpp">
      <Filter>Content\Old\GameObject\Aim Cursor</Filter>
    </ClCompile>
    <ClCompile Include="TestGun.cpp">
      <Filter>Content\Old\GameObject\Gun\Test</Filter>
    </ClCompile>
    <ClCompile Include="TestGunScript.cpp">
      <Filter>Content\Old\Script\TestGunScript</Filter>
    </ClCompile>
    <ClCompile Include="Heart.cpp">
      <Filter>Content\Old\GameObject\UI\Heart</Filter>
    </ClCompile>
    <ClCompile Include="Blank.cpp">
      <Filter>Content\Old\GameObject\UI\Blank</Filter>
    </ClCompile>
    <ClCompile Include="SurfaceScene.cpp">
      <Filter>Content\Scene\SurfaceScene</Filter>
    </ClCompile>
    <ClCompile Include="BaseSkyNight.cpp">
      <Filter>Content\Scene\SurfaceScene\GameObject\titleBG</Filter>
    </ClCompile>
    <ClCompile Include="ccCameraScript.cpp">
      <Filter>Content\Script\CameraScript</Filter>
    </ClCompile>
    <ClCompile Include="BaseSurface01.cpp">
      <Filter>Content\Scene\SurfaceScene\GameObject\surface_1</Filter>
    </ClCompile>
    <ClCompile Include="BaseSurface2_01.cpp">
      <Filter>Content\Scene\SurfaceScene\GameObject\base_surface2_01</Filter>
    </ClCompile>
    <ClCompile Include="BaseSurface02.cpp">
      <Filter>Content\Scene\SurfaceScene\GameObject\surface_2</Filter>
    </ClCompile>
    <ClCompile Include="BaseSurface03.cpp">
      <Filter>Content\Scene\SurfaceScene\GameObject\surface_3</Filter>
    </ClCompile>
    <ClCompile Include="BaseSurface2_02.cpp">
      <Filter>Content\Scene\SurfaceScene\GameObject\base_surface2_02</Filter>
    </ClCompile>
    <ClCompile Include="BaseSurface04.cpp">
      <Filter>Content\Scene\SurfaceScene\GameObject\surface_4</Filter>
    </ClCompile>
    <ClCompile Include="TitleScene.cpp">
      <Filter>Content\Scene\TitleScene</Filter>
    </ClCompile>
    <ClCompile Include="MenuTitle.cpp">
      <Filter>Content\Scene\TitleScene\GameObject\menu_title</Filter>
    </ClCompile>
    <ClCompile Include="MenuTitleGal.cpp">
      <Filter>Content\Scene\TitleScene\GameObject\menu_titlegal</Filter>
    </ClCompile>
    <ClCompile Include="MenuScene.cpp">
      <Filter>Content\Scene\MenuScene</Filter>
    </ClCompile>
    <ClCompile Include="MainDoorBack.cpp">
      <Filter>Content\Scene\MenuScene\GameObject\main_doorback</Filter>
    </ClCompile>
    <ClCompile Include="MainDirt.cpp">
      <Filter>Content\Scene\MenuScene\GameObject\main_dirt</Filter>
    </ClCompile>
    <ClCompile Include="MainDoorFrame.cpp">
      <Filter>Content\Scene\MenuScene\GameObject\main_doorframe</Filter>
    </ClCompile>
    <ClCompile Include="MainFore2.cpp">
      <Filter>Content\Scene\MenuScene\GameObject\main_fore2</Filter>
    </ClCompile>
    <ClCompile Include="MainFore1.cpp">
      <Filter>Content\Scene\MenuScene\GameObject\main_fore1</Filter>
    </ClCompile>
    <ClCompile Include="MainFore11.cpp">
      <Filter>Content\Scene\MenuScene\GameObject\main_fore_11</Filter>
    </ClCompile>
    <ClCompile Include="MainFore21.cpp">
      <Filter>Content\Scene\MenuScene\GameObject\main_fore_21</Filter>
    </ClCompile>
    <ClCompile Include="MainFore22.cpp">
      <Filter>Content\Scene\MenuScene\GameObject\main_fore_22</Filter>
    </ClCompile>
    <ClCompile Include="MainFore12.cpp">
      <Filter>Content\Scene\MenuScene\GameObject\main_fore_12</Filter>
    </ClCompile>
    <ClCompile Include="CaveBG.cpp">
      <Filter>Content\Scene\PlayScene\GameObject\caveBG</Filter>
    </ClCompile>
    <ClCompile Include="Wood.cpp">
      <Filter>Content\Scene\PlayScene\GameObject\wood</Filter>
    </ClCompile>
    <ClCompile Include="BorderMasking.cpp">
      <Filter>Content\Scene\PlayScene\GameObject\border\masking</Filter>
    </ClCompile>
    <ClCompile Include="BorderTile.cpp">
      <Filter>Content\Scene\PlayScene\GameObject\border\tile</Filter>
    </ClCompile>
    <ClCompile Include="Player.cpp">
      <Filter>Content\GameObject\Player</Filter>
    </ClCompile>
    <ClCompile Include="PlayerMoveScrtpt.cpp">
      <Filter>Content\GameObject\Player\Script</Filter>
    </ClCompile>
    <ClCompile Include="DirtMasking.cpp">
      <Filter>Content\Scene\PlayScene\GameObject\dirt\DirtMasking</Filter>
    </ClCompile>
    <ClCompile Include="CaveDirt.cpp">
      <Filter>Content\Scene\PlayScene\GameObject\dirt\tile</Filter>
    </ClCompile>
    <ClCompile Include="PlayerCollisionScript.cpp">
      <Filter>Content\GameObject\Player\Script\CollisionScript</Filter>
    </ClCompile>
    <ClCompile Include="Whip.cpp">
      <Filter>Content\GameObject\Player\Weapon\Whip</Filter>
    </ClCompile>
    <ClCompile Include="WhipColliderScript.cpp">
      <Filter>Content\GameObject\Player\Weapon\Whip\Script</Filter>
    </ClCompile>
    <ClCompile Include="CaveMan.cpp">
      <Filter>Content\GameObject\CaveMan</Filter>
    </ClCompile>
    <ClCompile Include="TileColliderScript.cpp">
      <Filter>Content\GameObject\Tile\Script</Filter>
    </ClCompile>
    <ClCompile Include="CaveManColliderScript.cpp">
      <Filter>Content\GameObject\CaveMan\Script</Filter>
    </ClCompile>
    <ClCompile Include="PlayScene.cpp">
      <Filter>Content\Scene\PlayScene</Filter>
    </ClCompile>
    <ClCompile Include="ccTestScene.cpp">
      <Filter>Content\Scene\TestScene</Filter>
    </ClCompile>
    <ClCompile Include="PhysxScene.cpp">
      <Filter>Content\Physx</Filter>
    </ClCompile>
    <ClCompile Include="Olmec.cpp">
      <Filter>Content\GameObject\Olmec</Filter>
    </ClCompile>
    <ClCompile Include="OlmecSeal.cpp">
      <Filter>Content\GameObject\Olmec\Seal</Filter>
    </ClCompile>
    <ClCompile Include="Tile.cpp">
      <Filter>Content\GameObject\Tile</Filter>
    </ClCompile>
    <ClCompile Include="OlmecCollisionScript.cpp">
      <Filter>Content\GameObject\Olmec\Script</Filter>
    </ClCompile>
  </ItemGroup>
  <ItemGroup>
    <ClInclude Include="framework.h" />
    <ClInclude Include="LoadScenes.h">
      <Filter>Load</Filter>
    </ClInclude>
    <ClInclude Include="ccTutorialScene.h">
      <Filter>Content\Old\Scene\TutorialScene</Filter>
    </ClInclude>
    <ClInclude Include="ccTitleScene.h">
      <Filter>Content\Old\Scene\TitleScene</Filter>
    </ClInclude>
    <ClInclude Include="ccMouseScript.h">
      <Filter>Content\Old\Script\MouseScript</Filter>
    </ClInclude>
    <ClInclude Include="ccPlayerMoveScript.h">
      <Filter>Content\Old\Script\PlayerMoveScript</Filter>
    </ClInclude>
    <ClInclude Include="ccGunPositionScript.h">
      <Filter>Content\Old\Script\GunPositionScript</Filter>
    </ClInclude>
    <ClInclude Include="Marine.h">
      <Filter>Content\Old\GameObject\Marine</Filter>
    </ClInclude>
    <ClInclude Include="ccGridScript.h">
      <Filter>Content\Script\GridScript</Filter>
    </ClInclude>
    <ClInclude Include="AimCursor.h">
      <Filter>Content\Old\GameObject\Aim Cursor</Filter>
    </ClInclude>
    <ClInclude Include="TestGun.h">
      <Filter>Content\Old\GameObject\Gun\Test</Filter>
    </ClInclude>
    <ClInclude Include="TestGunScript.h">
      <Filter>Content\Old\Script\TestGunScript</Filter>
    </ClInclude>
    <ClInclude Include="Heart.h">
      <Filter>Content\Old\GameObject\UI\Heart</Filter>
    </ClInclude>
    <ClInclude Include="Blank.h">
      <Filter>Content\Old\GameObject\UI\Blank</Filter>
    </ClInclude>
    <ClInclude Include="SurfaceScene.h">
      <Filter>Content\Scene\SurfaceScene</Filter>
    </ClInclude>
    <ClInclude Include="BaseSkyNight.h">
      <Filter>Content\Scene\SurfaceScene\GameObject\titleBG</Filter>
    </ClInclude>
    <ClInclude Include="ccCameraScript.h">
      <Filter>Content\Script\CameraScript</Filter>
    </ClInclude>
    <ClInclude Include="BaseSurface01.h">
      <Filter>Content\Scene\SurfaceScene\GameObject\surface_1</Filter>
    </ClInclude>
    <ClInclude Include="BaseSurface2_01.h">
      <Filter>Content\Scene\SurfaceScene\GameObject\base_surface2_01</Filter>
    </ClInclude>
    <ClInclude Include="BaseSurface02.h">
      <Filter>Content\Scene\SurfaceScene\GameObject\surface_2</Filter>
    </ClInclude>
    <ClInclude Include="BaseSurface03.h">
      <Filter>Content\Scene\SurfaceScene\GameObject\surface_3</Filter>
    </ClInclude>
    <ClInclude Include="BaseSurface2_02.h">
      <Filter>Content\Scene\SurfaceScene\GameObject\base_surface2_02</Filter>
    </ClInclude>
    <ClInclude Include="BaseSurface04.h">
      <Filter>Content\Scene\SurfaceScene\GameObject\surface_4</Filter>
    </ClInclude>
    <ClInclude Include="TitleScene.h">
      <Filter>Content\Scene\TitleScene</Filter>
    </ClInclude>
    <ClInclude Include="MenuTitle.h">
      <Filter>Content\Scene\TitleScene\GameObject\menu_title</Filter>
    </ClInclude>
    <ClInclude Include="MenuTitleGal.h">
      <Filter>Content\Scene\TitleScene\GameObject\menu_titlegal</Filter>
    </ClInclude>
    <ClInclude Include="MenuScene.h">
      <Filter>Content\Scene\MenuScene</Filter>
    </ClInclude>
    <ClInclude Include="MainDoorBack.h">
      <Filter>Content\Scene\MenuScene\GameObject\main_doorback</Filter>
    </ClInclude>
    <ClInclude Include="MainDirt.h">
      <Filter>Content\Scene\MenuScene\GameObject\main_dirt</Filter>
    </ClInclude>
    <ClInclude Include="MainDoorFrame.h">
      <Filter>Content\Scene\MenuScene\GameObject\main_doorframe</Filter>
    </ClInclude>
    <ClInclude Include="MainFore2.h">
      <Filter>Content\Scene\MenuScene\GameObject\main_fore2</Filter>
    </ClInclude>
    <ClInclude Include="MainFore1.h">
      <Filter>Content\Scene\MenuScene\GameObject\main_fore1</Filter>
    </ClInclude>
    <ClInclude Include="MainFore11.h">
      <Filter>Content\Scene\MenuScene\GameObject\main_fore_11</Filter>
    </ClInclude>
    <ClInclude Include="MainFore21.h">
      <Filter>Content\Scene\MenuScene\GameObject\main_fore_21</Filter>
    </ClInclude>
    <ClInclude Include="MainFore22.h">
      <Filter>Content\Scene\MenuScene\GameObject\main_fore_22</Filter>
    </ClInclude>
    <ClInclude Include="MainFore12.h">
      <Filter>Content\Scene\MenuScene\GameObject\main_fore_12</Filter>
    </ClInclude>
    <ClInclude Include="PlayScene.h">
      <Filter>Content\Scene\PlayScene</Filter>
    </ClInclude>
    <ClInclude Include="CaveBG.h">
      <Filter>Content\Scene\PlayScene\GameObject\caveBG</Filter>
    </ClInclude>
    <ClInclude Include="Wood.h">
      <Filter>Content\Scene\PlayScene\GameObject\wood</Filter>
    </ClInclude>
    <ClInclude Include="BorderMasking.h">
      <Filter>Content\Scene\PlayScene\GameObject\border\masking</Filter>
    </ClInclude>
    <ClInclude Include="BorderTile.h">
      <Filter>Content\Scene\PlayScene\GameObject\border\tile</Filter>
    </ClInclude>
    <ClInclude Include="Player.h">
      <Filter>Content\GameObject\Player</Filter>
    </ClInclude>
    <ClInclude Include="PlayerMoveScrtpt.h">
      <Filter>Content\GameObject\Player\Script</Filter>
    </ClInclude>
    <ClInclude Include="DirtMasking.h">
      <Filter>Content\Scene\PlayScene\GameObject\dirt\DirtMasking</Filter>
    </ClInclude>
    <ClInclude Include="CaveDirt.h">
      <Filter>Content\Scene\PlayScene\GameObject\dirt\tile</Filter>
    </ClInclude>
    <ClInclude Include="PlayerCollisionScript.h">
      <Filter>Content\GameObject\Player\Script\CollisionScript</Filter>
    </ClInclude>
    <ClInclude Include="Whip.h">
      <Filter>Content\GameObject\Player\Weapon\Whip</Filter>
    </ClInclude>
    <ClInclude Include="WhipColliderScript.h">
      <Filter>Content\GameObject\Player\Weapon\Whip\Script</Filter>
    </ClInclude>
    <ClInclude Include="CaveMan.h">
      <Filter>Content\GameObject\CaveMan</Filter>
    </ClInclude>
    <ClInclude Include="TileColliderScript.h">
      <Filter>Content\GameObject\Tile\Script</Filter>
    </ClInclude>
    <ClInclude Include="CaveManColliderScript.h">
      <Filter>Content\GameObject\CaveMan\Script</Filter>
    </ClInclude>
    <ClInclude Include="ccTestScene.h">
      <Filter>Content\Scene\TestScene</Filter>
    </ClInclude>
    <ClInclude Include="PhysxScene.h">
      <Filter>Content\Physx</Filter>
    </ClInclude>
    <ClInclude Include="Olmec.h">
      <Filter>Content\GameObject\Olmec</Filter>
    </ClInclude>
    <ClInclude Include="OlmecSeal.h">
      <Filter>Content\GameObject\Olmec\Seal</Filter>
    </ClInclude>
    <ClInclude Include="Tile.h">
      <Filter>Content\GameObject\Tile</Filter>
    </ClInclude>
    <ClInclude Include="OlmecCollisionScript.h">
      <Filter>Content\GameObject\Olmec\Script</Filter>
    </ClInclude>
  </ItemGroup>
  <ItemGroup>
    <Filter Include="Content">
      <UniqueIdentifier>{fe884667-0cf1-4627-aa26-36e829f064e1}</UniqueIdentifier>
    </Filter>
    <Filter Include="Content\Old">
      <UniqueIdentifier>{beb21b99-50c5-4768-9640-bf88b44ac68c}</UniqueIdentifier>
    </Filter>
    <Filter Include="Content\Old\GameObject">
      <UniqueIdentifier>{af417b4e-5c7c-4c29-bc1f-62c8b2dcccec}</UniqueIdentifier>
    </Filter>
    <Filter Include="Content\Old\GameObject\Marine">
      <UniqueIdentifier>{fdd5fff4-96db-40b4-b567-30db3ac8c520}</UniqueIdentifier>
    </Filter>
    <Filter Include="Content\Old\GameObject\Aim Cursor">
      <UniqueIdentifier>{a91997c8-6e02-443e-a088-deff4837a8a4}</UniqueIdentifier>
    </Filter>
    <Filter Include="Content\Old\GameObject\TitleBG">
      <UniqueIdentifier>{27de3780-9f24-4f85-896c-496a040a71d0}</UniqueIdentifier>
    </Filter>
    <Filter Include="Content\Old\GameObject\Gun">
      <UniqueIdentifier>{b77ce2d9-a7f3-43c6-bc9b-f8e2d27e041f}</UniqueIdentifier>
    </Filter>
    <Filter Include="Content\Old\GameObject\Gun\Test">
      <UniqueIdentifier>{4cd48b7f-1c57-4412-854a-95bb6807f029}</UniqueIdentifier>
    </Filter>
    <Filter Include="Content\Old\GameObject\UI">
      <UniqueIdentifier>{bb8a3242-b6db-4229-b882-c82bd90fd5c5}</UniqueIdentifier>
    </Filter>
    <Filter Include="Content\Old\GameObject\UI\Heart">
      <UniqueIdentifier>{26f826a1-f4c6-4eb4-8864-335ba984737a}</UniqueIdentifier>
    </Filter>
    <Filter Include="Content\Old\GameObject\UI\Blank">
      <UniqueIdentifier>{427e454e-2509-472d-9e0b-86f9eb824cbb}</UniqueIdentifier>
    </Filter>
    <Filter Include="Content\Old\Scene">
      <UniqueIdentifier>{79b506fd-63a8-4c94-8500-98b5f071ab9d}</UniqueIdentifier>
    </Filter>
    <Filter Include="Content\Old\Scene\TitleScene">
      <UniqueIdentifier>{97eab9b7-8201-4009-92c0-2d6dcdfc4606}</UniqueIdentifier>
    </Filter>
    <Filter Include="Content\Old\Scene\TutorialScene">
      <UniqueIdentifier>{3847dad7-5ce4-4912-b089-30823f41de21}</UniqueIdentifier>
    </Filter>
    <Filter Include="Content\Old\Script">
      <UniqueIdentifier>{dc9b3062-92bd-48aa-99ab-e6ee97d31365}</UniqueIdentifier>
    </Filter>
    <Filter Include="Content\Old\Script\MouseScript">
      <UniqueIdentifier>{29b6fa70-5053-42cd-ae8f-fcd90b4b948e}</UniqueIdentifier>
    </Filter>
    <Filter Include="Content\Old\Script\PlayerMoveScript">
      <UniqueIdentifier>{9646427f-c161-4a5b-a7d8-430fbc28c058}</UniqueIdentifier>
    </Filter>
    <Filter Include="Content\Old\Script\GunPositionScript">
      <UniqueIdentifier>{0982b034-d77b-48dc-b601-754960ef46a3}</UniqueIdentifier>
    </Filter>
    <Filter Include="Content\Old\Script\TestGunScript">
      <UniqueIdentifier>{25aa688d-09d2-4f9b-99c9-ab04dae46791}</UniqueIdentifier>
    </Filter>
    <Filter Include="Content\Scene">
      <UniqueIdentifier>{3eeedfad-1a15-4ea0-9592-aed20747fa84}</UniqueIdentifier>
    </Filter>
    <Filter Include="Load">
      <UniqueIdentifier>{9e5f6cd3-f095-4c7a-a264-8ba7fb0fa15e}</UniqueIdentifier>
    </Filter>
    <Filter Include="Content\Script">
      <UniqueIdentifier>{6c7c510e-7335-4305-842f-0203a5619d73}</UniqueIdentifier>
    </Filter>
    <Filter Include="Content\Script\CameraScript">
      <UniqueIdentifier>{006622bc-cc86-4634-9186-d357aa706d4c}</UniqueIdentifier>
    </Filter>
    <Filter Include="Content\Script\GridScript">
      <UniqueIdentifier>{05547ea3-f6e9-450c-81c8-eaed589dd8dc}</UniqueIdentifier>
    </Filter>
    <Filter Include="Content\Scene\SurfaceScene">
      <UniqueIdentifier>{bbf49826-1bab-40b8-8ad7-3b5b2cd5bd69}</UniqueIdentifier>
    </Filter>
    <Filter Include="Content\Scene\SurfaceScene\GameObject">
      <UniqueIdentifier>{019edbbd-def1-45c2-bab1-eef356de388b}</UniqueIdentifier>
    </Filter>
    <Filter Include="Content\Scene\SurfaceScene\GameObject\titleBG">
      <UniqueIdentifier>{b0c296ab-66fc-4508-9e01-964c3f49fe04}</UniqueIdentifier>
    </Filter>
    <Filter Include="Content\Scene\SurfaceScene\GameObject\surface_2">
      <UniqueIdentifier>{a447a5ba-f230-46a5-a6bd-1b921258ea19}</UniqueIdentifier>
    </Filter>
    <Filter Include="Content\Scene\SurfaceScene\GameObject\surface_1">
      <UniqueIdentifier>{3189abe4-0102-414d-b527-b0f73abb67ad}</UniqueIdentifier>
    </Filter>
    <Filter Include="Content\Scene\SurfaceScene\GameObject\surface_3">
      <UniqueIdentifier>{85c0ba6c-8957-420a-82e8-b280ea9a5454}</UniqueIdentifier>
    </Filter>
    <Filter Include="Content\Scene\SurfaceScene\GameObject\surface_4">
      <UniqueIdentifier>{787422d6-0949-4494-b1ec-9c212cd1cc58}</UniqueIdentifier>
    </Filter>
    <Filter Include="Content\Scene\SurfaceScene\GameObject\base_surface2_01">
      <UniqueIdentifier>{11cae662-8449-47c5-90e5-fe69b8ed4208}</UniqueIdentifier>
    </Filter>
    <Filter Include="Content\Scene\SurfaceScene\GameObject\base_surface2_02">
      <UniqueIdentifier>{e9aeb33b-9981-4db9-aae2-a3278231d380}</UniqueIdentifier>
    </Filter>
    <Filter Include="Content\Scene\TitleScene">
      <UniqueIdentifier>{e7372b0e-9a27-43a4-856b-61513c705195}</UniqueIdentifier>
    </Filter>
    <Filter Include="Content\Scene\TitleScene\GameObject">
      <UniqueIdentifier>{db35a2d6-d85c-4494-80ec-94417193df6c}</UniqueIdentifier>
    </Filter>
    <Filter Include="Content\Scene\TitleScene\GameObject\menu_title">
      <UniqueIdentifier>{c562747a-f8f3-4ab0-97a9-fea723ab9628}</UniqueIdentifier>
    </Filter>
    <Filter Include="Content\Scene\TitleScene\GameObject\menu_titlegal">
      <UniqueIdentifier>{8db8e2dc-ed22-4122-ab2c-0af940099fa1}</UniqueIdentifier>
    </Filter>
    <Filter Include="Content\Scene\MenuScene">
      <UniqueIdentifier>{99a09cf6-5fb0-4c3b-8341-aa617cebf7f5}</UniqueIdentifier>
    </Filter>
    <Filter Include="Content\Scene\MenuScene\GameObject">
      <UniqueIdentifier>{73260d2b-0fae-4e4e-a00a-42c6c8e419f4}</UniqueIdentifier>
    </Filter>
    <Filter Include="Content\Scene\MenuScene\GameObject\main_doorback">
      <UniqueIdentifier>{d0027995-acce-4e5e-bebf-790a3f374ce9}</UniqueIdentifier>
    </Filter>
    <Filter Include="Content\Scene\MenuScene\GameObject\main_dirt">
      <UniqueIdentifier>{f0081e3a-dd74-414c-915a-0df528584457}</UniqueIdentifier>
    </Filter>
    <Filter Include="Content\Scene\MenuScene\GameObject\main_doorframe">
      <UniqueIdentifier>{98b92d9a-b7ea-45ae-8d6a-f4d8d0e9336f}</UniqueIdentifier>
    </Filter>
    <Filter Include="Content\Scene\MenuScene\GameObject\main_fore2">
      <UniqueIdentifier>{a166b77c-0d90-4312-9e6b-601fddead0c0}</UniqueIdentifier>
    </Filter>
    <Filter Include="Content\Scene\MenuScene\GameObject\main_fore1">
      <UniqueIdentifier>{a9c7f10c-3edd-4cb8-91be-0ac5241acd93}</UniqueIdentifier>
    </Filter>
    <Filter Include="Content\Scene\MenuScene\GameObject\main_fore_12">
      <UniqueIdentifier>{853ba010-a0bf-4857-8523-c3dfc9b2c9d2}</UniqueIdentifier>
    </Filter>
    <Filter Include="Content\Scene\MenuScene\GameObject\main_fore_11">
      <UniqueIdentifier>{8186fe0b-e985-44a9-8b30-b0337d6f4d4d}</UniqueIdentifier>
    </Filter>
    <Filter Include="Content\Scene\MenuScene\GameObject\main_fore_21">
      <UniqueIdentifier>{39016042-c28b-4ce5-a4cf-0094eff77570}</UniqueIdentifier>
    </Filter>
    <Filter Include="Content\Scene\MenuScene\GameObject\main_fore_22">
      <UniqueIdentifier>{291f2388-6fb7-442c-a713-db97f9af779b}</UniqueIdentifier>
    </Filter>
    <Filter Include="Content\Scene\PlayScene">
      <UniqueIdentifier>{7b4de5fa-0022-4a34-b801-d54245e0e018}</UniqueIdentifier>
    </Filter>
    <Filter Include="Content\Scene\PlayScene\GameObject">
      <UniqueIdentifier>{c9d1976d-b628-49b7-946a-80935b22c760}</UniqueIdentifier>
    </Filter>
    <Filter Include="Content\Scene\PlayScene\GameObject\caveBG">
      <UniqueIdentifier>{d0cbe371-dc6f-4c6f-9680-65fa1421e6d0}</UniqueIdentifier>
    </Filter>
    <Filter Include="Content\Scene\PlayScene\GameObject\dirt">
      <UniqueIdentifier>{673d743c-bbe5-4b5c-9fdd-ba98186a0b17}</UniqueIdentifier>
    </Filter>
    <Filter Include="Content\Scene\PlayScene\GameObject\wood">
      <UniqueIdentifier>{fee26601-076c-44eb-bbd6-ce17dc531eda}</UniqueIdentifier>
    </Filter>
    <Filter Include="Content\Scene\PlayScene\GameObject\border">
      <UniqueIdentifier>{096ce9c1-45dd-43b0-9f44-262ff45022c5}</UniqueIdentifier>
    </Filter>
    <Filter Include="Content\Scene\PlayScene\GameObject\border\tile">
      <UniqueIdentifier>{e982155d-9912-4769-a8c0-67cfe49ce9ef}</UniqueIdentifier>
    </Filter>
    <Filter Include="Content\Scene\PlayScene\GameObject\border\masking">
      <UniqueIdentifier>{88811402-151f-4ced-8f70-7f7d13060017}</UniqueIdentifier>
    </Filter>
    <Filter Include="Content\GameObject">
      <UniqueIdentifier>{6dfdabe8-5048-4f5b-b6b0-cab1cb9a03b6}</UniqueIdentifier>
    </Filter>
    <Filter Include="Content\GameObject\Player">
      <UniqueIdentifier>{ebeeb320-04a5-4010-943d-d737e0848840}</UniqueIdentifier>
    </Filter>
    <Filter Include="Content\GameObject\Player\Script">
      <UniqueIdentifier>{16fa8fb6-fada-4d02-bc57-43cb5f0becd8}</UniqueIdentifier>
    </Filter>
    <Filter Include="Content\Scene\PlayScene\GameObject\dirt\DirtMasking">
      <UniqueIdentifier>{59c53ea0-5612-4f38-9096-fb04d8a85b55}</UniqueIdentifier>
    </Filter>
    <Filter Include="Content\Scene\PlayScene\GameObject\dirt\tile">
      <UniqueIdentifier>{b7c42e72-18cd-4678-935b-027e58071234}</UniqueIdentifier>
    </Filter>
    <Filter Include="Content\GameObject\Player\Weapon">
      <UniqueIdentifier>{e4ebbacf-f7c6-4140-9a08-0d050c488608}</UniqueIdentifier>
    </Filter>
    <Filter Include="Content\GameObject\Player\Weapon\Whip">
      <UniqueIdentifier>{dacec97b-ef73-4b66-a360-44668f3ec650}</UniqueIdentifier>
    </Filter>
    <Filter Include="Content\GameObject\Player\Script\CollisionScript">
      <UniqueIdentifier>{2c8a9ae4-c6f7-42f8-bedb-988dd1a3994d}</UniqueIdentifier>
    </Filter>
    <Filter Include="Content\GameObject\Player\Weapon\Whip\Script">
      <UniqueIdentifier>{d2c08f6c-68f5-4f40-bfa3-3bfb523d8685}</UniqueIdentifier>
    </Filter>
    <Filter Include="Content\GameObject\CaveMan">
      <UniqueIdentifier>{dd0377d2-56cc-4ecb-b7ad-f2e3b91c4f71}</UniqueIdentifier>
    </Filter>
    <Filter Include="Content\GameObject\CaveMan\Script">
      <UniqueIdentifier>{f2bf4219-9ba9-45df-89fb-a5dfb5aed921}</UniqueIdentifier>
    </Filter>
    <Filter Include="Content\Scene\TestScene">
      <UniqueIdentifier>{7648e48a-65db-4952-a34c-639b12eb8dc6}</UniqueIdentifier>
    </Filter>
    <Filter Include="Content\Physx">
      <UniqueIdentifier>{10d0a0a2-518f-4ea3-ae48-0c3af3e6ff8a}</UniqueIdentifier>
    </Filter>
    <Filter Include="Content\GameObject\Olmec">
      <UniqueIdentifier>{28926562-3c17-44ea-a530-860e3bff910a}</UniqueIdentifier>
    </Filter>
    <Filter Include="Content\GameObject\Olmec\Seal">
      <UniqueIdentifier>{56e0310f-8925-4717-9717-d8763d4bcb03}</UniqueIdentifier>
    </Filter>
    <Filter Include="Content\GameObject\Tile">
      <UniqueIdentifier>{12be36f9-183b-4391-887c-4e4131ae4c87}</UniqueIdentifier>
    </Filter>
    <Filter Include="Content\GameObject\Tile\Script">
      <UniqueIdentifier>{1b59e709-4a67-4186-800c-1159632be348}</UniqueIdentifier>
    </Filter>
    <Filter Include="Content\GameObject\Olmec\Script">
      <UniqueIdentifier>{962c72a8-efd4-4f47-83a2-bb8e22cb78a7}</UniqueIdentifier>
    </Filter>
  </ItemGroup>
</Project>