<?xml version="1.0" encoding="utf-8"?>
<Project ToolsVersion="4.0" xmlns="http://schemas.microsoft.com/developer/msbuild/2003">
  <ItemGroup>
    <ClCompile Include="CCEngine.cpp" />
    <ClCompile Include="ccTestScene.cpp" />
    <ClCompile Include="ccCameraScript.cpp">
      <Filter>Content\Script\CameraScript</Filter>
    </ClCompile>
    <ClCompile Include="ccTitleScene.cpp">
      <Filter>Content\Scene\TitleScene</Filter>
    </ClCompile>
    <ClCompile Include="ccTutorialScene.cpp">
      <Filter>Content\Scene\TutorialScene</Filter>
    </ClCompile>
    <ClCompile Include="ccMouseScript.cpp">
      <Filter>Content\Script\MouseScript</Filter>
    </ClCompile>
    <ClCompile Include="ccPlayerMoveScript.cpp">
      <Filter>Content\Script\PlayerMoveScript</Filter>
    </ClCompile>
    <ClCompile Include="ccGunPositionScript.cpp">
      <Filter>Content\Script\GunPositionScript</Filter>
    </ClCompile>
    <ClCompile Include="Marine.cpp">
      <Filter>Content\GameObject\Marine</Filter>
    </ClCompile>
    <ClCompile Include="ccGridScript.cpp">
      <Filter>Content\Script\GridScript</Filter>
    </ClCompile>
    <ClCompile Include="AimCursor.cpp">
      <Filter>Content\GameObject\Aim Cursor</Filter>
    </ClCompile>
  </ItemGroup>
  <ItemGroup>
    <ClInclude Include="framework.h" />
    <ClInclude Include="LoadScenes.h">
      <Filter>Content\Load</Filter>
    </ClInclude>
    <ClInclude Include="ccTestScene.h" />
    <ClInclude Include="ccCameraScript.h">
      <Filter>Content\Script\CameraScript</Filter>
    </ClInclude>
    <ClInclude Include="ccTutorialScene.h">
      <Filter>Content\Scene\TutorialScene</Filter>
    </ClInclude>
    <ClInclude Include="ccTitleScene.h">
      <Filter>Content\Scene\TitleScene</Filter>
    </ClInclude>
    <ClInclude Include="ccMouseScript.h">
      <Filter>Content\Script\MouseScript</Filter>
    </ClInclude>
    <ClInclude Include="ccPlayerMoveScript.h">
      <Filter>Content\Script\PlayerMoveScript</Filter>
    </ClInclude>
    <ClInclude Include="ccGunPositionScript.h">
      <Filter>Content\Script\GunPositionScript</Filter>
    </ClInclude>
    <ClInclude Include="Marine.h">
      <Filter>Content\GameObject\Marine</Filter>
    </ClInclude>
    <ClInclude Include="ccGridScript.h">
      <Filter>Content\Script\GridScript</Filter>
    </ClInclude>
    <ClInclude Include="AimCursor.h">
      <Filter>Content\GameObject\Aim Cursor</Filter>
    </ClInclude>
  </ItemGroup>
  <ItemGroup>
    <Filter Include="Content">
      <UniqueIdentifier>{fe884667-0cf1-4627-aa26-36e829f064e1}</UniqueIdentifier>
    </Filter>
    <Filter Include="Content\Load">
      <UniqueIdentifier>{9e5f6cd3-f095-4c7a-a264-8ba7fb0fa15e}</UniqueIdentifier>
    </Filter>
    <Filter Include="Content\Scene">
      <UniqueIdentifier>{79b506fd-63a8-4c94-8500-98b5f071ab9d}</UniqueIdentifier>
    </Filter>
    <Filter Include="Content\Script">
      <UniqueIdentifier>{dc9b3062-92bd-48aa-99ab-e6ee97d31365}</UniqueIdentifier>
    </Filter>
    <Filter Include="Content\Script\CameraScript">
      <UniqueIdentifier>{006622bc-cc86-4634-9186-d357aa706d4c}</UniqueIdentifier>
    </Filter>
    <Filter Include="Content\Scene\TitleScene">
      <UniqueIdentifier>{97eab9b7-8201-4009-92c0-2d6dcdfc4606}</UniqueIdentifier>
    </Filter>
    <Filter Include="Content\Scene\TutorialScene">
      <UniqueIdentifier>{3847dad7-5ce4-4912-b089-30823f41de21}</UniqueIdentifier>
    </Filter>
    <Filter Include="Content\Script\MouseScript">
      <UniqueIdentifier>{29b6fa70-5053-42cd-ae8f-fcd90b4b948e}</UniqueIdentifier>
    </Filter>
    <Filter Include="Content\Script\PlayerMoveScript">
      <UniqueIdentifier>{9646427f-c161-4a5b-a7d8-430fbc28c058}</UniqueIdentifier>
    </Filter>
    <Filter Include="Content\Script\GunPositionScript">
      <UniqueIdentifier>{0982b034-d77b-48dc-b601-754960ef46a3}</UniqueIdentifier>
    </Filter>
    <Filter Include="Content\GameObject">
      <UniqueIdentifier>{af417b4e-5c7c-4c29-bc1f-62c8b2dcccec}</UniqueIdentifier>
    </Filter>
    <Filter Include="Content\GameObject\Marine">
      <UniqueIdentifier>{fdd5fff4-96db-40b4-b567-30db3ac8c520}</UniqueIdentifier>
    </Filter>
    <Filter Include="Content\Script\GridScript">
      <UniqueIdentifier>{05547ea3-f6e9-450c-81c8-eaed589dd8dc}</UniqueIdentifier>
    </Filter>
    <Filter Include="Content\GameObject\Aim Cursor">
      <UniqueIdentifier>{a91997c8-6e02-443e-a088-deff4837a8a4}</UniqueIdentifier>
    </Filter>
    <Filter Include="Content\GameObject\TitleBG">
      <UniqueIdentifier>{27de3780-9f24-4f85-896c-496a040a71d0}</UniqueIdentifier>
    </Filter>
  </ItemGroup>
</Project>