<?xml version="1.0" encoding="utf-8"?>
<Project ToolsVersion="4.0" xmlns="http://schemas.microsoft.com/developer/msbuild/2003">
  <ItemGroup>
    <Filter Include="Common">
      <UniqueIdentifier>{7deb0598-c76c-4d01-ae2e-35c3dbf4ef07}</UniqueIdentifier>
    </Filter>
    <Filter Include="Common\Entity">
      <UniqueIdentifier>{b1f223d1-017e-4d28-84c6-70ae5cf316be}</UniqueIdentifier>
    </Filter>
    <Filter Include="Common\Math">
      <UniqueIdentifier>{10069a6d-67e4-421f-aaf3-b7b1c6d754b8}</UniqueIdentifier>
    </Filter>
    <Filter Include="Common\Time">
      <UniqueIdentifier>{0d254b03-a623-4a4a-9a0a-6de36ec79331}</UniqueIdentifier>
    </Filter>
    <Filter Include="Graphics">
      <UniqueIdentifier>{41aebe36-006a-4317-acd4-480440b2eec9}</UniqueIdentifier>
    </Filter>
    <Filter Include="High Level Interface">
      <UniqueIdentifier>{5360c459-9d90-41d2-a945-517e36376c4c}</UniqueIdentifier>
    </Filter>
    <Filter Include="Input">
      <UniqueIdentifier>{075158ed-3f84-4af6-b5da-00f4493429d0}</UniqueIdentifier>
    </Filter>
    <Filter Include="Resource">
      <UniqueIdentifier>{580dba4c-3e38-4c80-8798-9eed907cff78}</UniqueIdentifier>
    </Filter>
    <Filter Include="Resource\ResourceManager">
      <UniqueIdentifier>{66a1331d-89f0-4f09-ad08-115ddd680272}</UniqueIdentifier>
    </Filter>
    <Filter Include="GameObject">
      <UniqueIdentifier>{bea8051c-34c2-49cc-8941-59ad14cb3b56}</UniqueIdentifier>
    </Filter>
    <Filter Include="Component">
      <UniqueIdentifier>{1006c2ab-8610-4ee7-9902-56debc3ce002}</UniqueIdentifier>
    </Filter>
    <Filter Include="Scene">
      <UniqueIdentifier>{434e7fe3-9202-4cf5-a228-58227ae59f82}</UniqueIdentifier>
    </Filter>
    <Filter Include="Scene\SceneManager">
      <UniqueIdentifier>{716821ac-4189-4fa2-8fe2-e46655a10fd1}</UniqueIdentifier>
    </Filter>
    <Filter Include="Component\Script">
      <UniqueIdentifier>{a1eb7364-3ff8-4ea4-b8cf-83e743ca93cf}</UniqueIdentifier>
    </Filter>
    <Filter Include="Component\Transform">
      <UniqueIdentifier>{c41598da-7ae1-4011-80e0-dfd2ef56f1bb}</UniqueIdentifier>
    </Filter>
    <Filter Include="Component\MeshRenderer">
      <UniqueIdentifier>{0df4f621-58d4-4d8d-bf51-4b52cf4bede4}</UniqueIdentifier>
    </Filter>
    <Filter Include="Resource\Material">
      <UniqueIdentifier>{57fea431-8ae5-4bfc-84ba-c83f47e58fae}</UniqueIdentifier>
    </Filter>
    <Filter Include="Resource\Mesh">
      <UniqueIdentifier>{2ac88d9b-9294-4323-94fa-c31d99ad6a94}</UniqueIdentifier>
    </Filter>
    <Filter Include="Resource\Shader">
      <UniqueIdentifier>{87c17d22-0b6e-4a53-b359-a3636c8fb609}</UniqueIdentifier>
    </Filter>
    <Filter Include="Resource\Texture">
      <UniqueIdentifier>{838fe3a8-7451-44a4-92b7-e252321721f3}</UniqueIdentifier>
    </Filter>
    <Filter Include="Scene\Layer">
      <UniqueIdentifier>{331e81c8-2199-44a9-be99-b6fe1f7f33b3}</UniqueIdentifier>
    </Filter>
    <Filter Include="Graphics\GraphicDevice">
      <UniqueIdentifier>{38b79c56-b94d-4dc2-a6c7-6f51dcbaec19}</UniqueIdentifier>
    </Filter>
    <Filter Include="Graphics\ConstantBuffer">
      <UniqueIdentifier>{16ae7e16-ee6a-44af-86c6-60655e5f8ddf}</UniqueIdentifier>
    </Filter>
    <Filter Include="Graphics\Renderer">
      <UniqueIdentifier>{c3d8d90b-c48a-449e-bdee-755f69a3666e}</UniqueIdentifier>
    </Filter>
    <Filter Include="Component\Camera">
      <UniqueIdentifier>{354de8ac-4b33-4e66-96de-bc6156d05e21}</UniqueIdentifier>
    </Filter>
  </ItemGroup>
  <ItemGroup>
    <ClInclude Include="$(MSBuildThisFileDirectory)CommonInclude.h">
      <Filter>Common</Filter>
    </ClInclude>
    <ClInclude Include="$(MSBuildThisFileDirectory)CCEngine.h">
      <Filter>Common</Filter>
    </ClInclude>
    <ClInclude Include="$(MSBuildThisFileDirectory)ccEnums.h">
      <Filter>Common</Filter>
    </ClInclude>
    <ClInclude Include="$(MSBuildThisFileDirectory)ccEntity.h">
      <Filter>Common\Entity</Filter>
    </ClInclude>
    <ClInclude Include="$(MSBuildThisFileDirectory)ccMath.h">
      <Filter>Common\Math</Filter>
    </ClInclude>
    <ClInclude Include="$(MSBuildThisFileDirectory)ccTime.h">
      <Filter>Common\Time</Filter>
    </ClInclude>
    <ClInclude Include="$(MSBuildThisFileDirectory)ccGraphics.h">
      <Filter>Graphics</Filter>
    </ClInclude>
    <ClInclude Include="$(MSBuildThisFileDirectory)ccApplication.h">
      <Filter>High Level Interface</Filter>
    </ClInclude>
    <ClInclude Include="$(MSBuildThisFileDirectory)ccInput.h">
      <Filter>Input</Filter>
    </ClInclude>
    <ClInclude Include="$(MSBuildThisFileDirectory)ccResource.h">
      <Filter>Resource</Filter>
    </ClInclude>
    <ClInclude Include="$(MSBuildThisFileDirectory)ccResourceManager.h">
      <Filter>Resource\ResourceManager</Filter>
    </ClInclude>
    <ClInclude Include="$(MSBuildThisFileDirectory)ccGameObject.h">
      <Filter>GameObject</Filter>
    </ClInclude>
    <ClInclude Include="$(MSBuildThisFileDirectory)ccConstantBuffer.h">
      <Filter>Graphics\ConstantBuffer</Filter>
    </ClInclude>
    <ClInclude Include="$(MSBuildThisFileDirectory)ccComponent.h">
      <Filter>Component</Filter>
    </ClInclude>
    <ClInclude Include="$(MSBuildThisFileDirectory)ccScene.h">
      <Filter>Scene</Filter>
    </ClInclude>
    <ClInclude Include="$(MSBuildThisFileDirectory)ccSceneManager.h">
      <Filter>Scene\SceneManager</Filter>
    </ClInclude>
    <ClInclude Include="$(MSBuildThisFileDirectory)ccScript.h">
      <Filter>Component\Script</Filter>
    </ClInclude>
    <ClInclude Include="$(MSBuildThisFileDirectory)ccLayer.h">
      <Filter>Scene\Layer</Filter>
    </ClInclude>
    <ClInclude Include="$(MSBuildThisFileDirectory)ccMeshRenderer.h">
      <Filter>Component\MeshRenderer</Filter>
    </ClInclude>
    <ClInclude Include="$(MSBuildThisFileDirectory)ccTransform.h">
      <Filter>Component\Transform</Filter>
    </ClInclude>
    <ClInclude Include="$(MSBuildThisFileDirectory)ccMaterial.h">
      <Filter>Resource\Material</Filter>
    </ClInclude>
    <ClInclude Include="$(MSBuildThisFileDirectory)ccMesh.h">
      <Filter>Resource\Mesh</Filter>
    </ClInclude>
    <ClInclude Include="$(MSBuildThisFileDirectory)ccShader.h">
      <Filter>Resource\Shader</Filter>
    </ClInclude>
    <ClInclude Include="$(MSBuildThisFileDirectory)ccTexture.h">
      <Filter>Resource\Texture</Filter>
    </ClInclude>
    <ClInclude Include="$(MSBuildThisFileDirectory)ccCamera.h">
      <Filter>Component\Camera</Filter>
    </ClInclude>
    <ClInclude Include="$(MSBuildThisFileDirectory)ccGraphicDevice_Dx11.h">
      <Filter>Graphics\GraphicDevice</Filter>
    </ClInclude>
    <ClInclude Include="$(MSBuildThisFileDirectory)ccRenderer.h">
      <Filter>Graphics\Renderer</Filter>
    </ClInclude>
    <ClInclude Include="$(MSBuildThisFileDirectory)ccObject.h">
      <Filter>GameObject</Filter>
    </ClInclude>
  </ItemGroup>
  <ItemGroup>
    <ClCompile Include="$(MSBuildThisFileDirectory)ccEntity.cpp">
      <Filter>Common\Entity</Filter>
    </ClCompile>
    <ClCompile Include="$(MSBuildThisFileDirectory)ccMath.cpp">
      <Filter>Common\Math</Filter>
    </ClCompile>
    <ClCompile Include="$(MSBuildThisFileDirectory)ccTime.cpp">
      <Filter>Common\Time</Filter>
    </ClCompile>
    <ClCompile Include="$(MSBuildThisFileDirectory)ccApplication.cpp">
      <Filter>High Level Interface</Filter>
    </ClCompile>
    <ClCompile Include="$(MSBuildThisFileDirectory)ccInput.cpp">
      <Filter>Input</Filter>
    </ClCompile>
    <ClCompile Include="$(MSBuildThisFileDirectory)ccResource.cpp">
      <Filter>Resource</Filter>
    </ClCompile>
    <ClCompile Include="$(MSBuildThisFileDirectory)ccResourceManager.cpp">
      <Filter>Resource\ResourceManager</Filter>
    </ClCompile>
    <ClCompile Include="$(MSBuildThisFileDirectory)ccGameObject.cpp">
      <Filter>GameObject</Filter>
    </ClCompile>
    <ClCompile Include="$(MSBuildThisFileDirectory)ccConstantBuffer.cpp">
      <Filter>Graphics\ConstantBuffer</Filter>
    </ClCompile>
    <ClCompile Include="$(MSBuildThisFileDirectory)ccComponent.cpp">
      <Filter>Component</Filter>
    </ClCompile>
    <ClCompile Include="$(MSBuildThisFileDirectory)ccScene.cpp">
      <Filter>Scene</Filter>
    </ClCompile>
    <ClCompile Include="$(MSBuildThisFileDirectory)ccSceneManager.cpp">
      <Filter>Scene\SceneManager</Filter>
    </ClCompile>
    <ClCompile Include="$(MSBuildThisFileDirectory)ccScript.cpp">
      <Filter>Component\Script</Filter>
    </ClCompile>
    <ClCompile Include="$(MSBuildThisFileDirectory)ccLayer.cpp">
      <Filter>Scene\Layer</Filter>
    </ClCompile>
    <ClCompile Include="$(MSBuildThisFileDirectory)ccMeshRenderer.cpp">
      <Filter>Component\MeshRenderer</Filter>
    </ClCompile>
    <ClCompile Include="$(MSBuildThisFileDirectory)ccTransform.cpp">
      <Filter>Component\Transform</Filter>
    </ClCompile>
    <ClCompile Include="$(MSBuildThisFileDirectory)ccMaterial.cpp">
      <Filter>Resource\Material</Filter>
    </ClCompile>
    <ClCompile Include="$(MSBuildThisFileDirectory)ccMesh.cpp">
      <Filter>Resource\Mesh</Filter>
    </ClCompile>
    <ClCompile Include="$(MSBuildThisFileDirectory)ccShader.cpp">
      <Filter>Resource\Shader</Filter>
    </ClCompile>
    <ClCompile Include="$(MSBuildThisFileDirectory)ccTexture.cpp">
      <Filter>Resource\Texture</Filter>
    </ClCompile>
    <ClCompile Include="$(MSBuildThisFileDirectory)ccCamera.cpp">
      <Filter>Component\Camera</Filter>
    </ClCompile>
    <ClCompile Include="$(MSBuildThisFileDirectory)ccGraphicDevice_Dx11.cpp">
      <Filter>Graphics\GraphicDevice</Filter>
    </ClCompile>
    <ClCompile Include="$(MSBuildThisFileDirectory)ccRenderer.cpp">
      <Filter>Graphics\Renderer</Filter>
    </ClCompile>
  </ItemGroup>
  <ItemGroup>
    <None Include="$(MSBuildThisFileDirectory)ccMath.inl">
      <Filter>Common\Math</Filter>
    </None>
  </ItemGroup>
</Project>